<?xml version="1.0" encoding="utf-8"?>
<Project ToolsVersion="4.0" xmlns="http://schemas.microsoft.com/developer/msbuild/2003">
  <ItemGroup>
    <Filter Include="Source Files">
      <UniqueIdentifier>{4FC737F1-C7A5-4376-A066-2A32D752A2FF}</UniqueIdentifier>
      <Extensions>cpp;c;cc;cxx;def;odl;idl;hpj;bat;asm;asmx</Extensions>
    </Filter>
    <Filter Include="Header Files">
      <UniqueIdentifier>{93995380-89BD-4b04-88EB-625FBE52EBFB}</UniqueIdentifier>
      <Extensions>h;hpp;hxx;hm;inl;inc;xsd</Extensions>
    </Filter>
  </ItemGroup>

  <ItemGroup>
    <ClInclude Include="AdminBackend.h"><Filter>Header Files</Filter></ClInclude>
    <ClInclude Include="pch.h"><Filter>Header Files</Filter></ClInclude>
    <ClInclude Include="App.h"><Filter>Header Files</Filter></ClInclude>
    <ClInclude Include="MainWindow.h"><Filter>Header Files</Filter></ClInclude>
    <ClInclude Include="ServerController.h"><Filter>Header Files</Filter></ClInclude>
    <ClInclude Include="UrlUtil.h"><Filter>Header Files</Filter></ClInclude>
    <ClInclude Include="HttpClient.h"><Filter>Header Files</Filter></ClInclude>
    <ClInclude Include="WebViewHost.h"><Filter>Header Files</Filter></ClInclude>
    <ClInclude Include="..\core\network\network_manager.h"><Filter>Header Files</Filter></ClInclude>
  </ItemGroup>

  <ItemGroup>
    <ClCompile Include="AdminBackend.cpp"><Filter>Source Files</Filter></ClCompile>
    <ClCompile Include="pch.cpp"><Filter>Source Files</Filter></ClCompile>
    <ClCompile Include="main.cpp"><Filter>Source Files</Filter></ClCompile>
    <ClCompile Include="App.cpp"><Filter>Source Files</Filter></ClCompile>
    <ClCompile Include="MainWindow.cpp"><Filter>Source Files</Filter></ClCompile>
    <ClCompile Include="ServerController.cpp"><Filter>Source Files</Filter></ClCompile>
    <ClCompile Include="UrlUtil.cpp"><Filter>Source Files</Filter></ClCompile>
    <ClCompile Include="HttpClient.cpp"><Filter>Source Files</Filter></ClCompile>
    <ClCompile Include="WebViewHost.cpp"><Filter>Source Files</Filter></ClCompile>
    <ClCompile Include="..\core\network\network_manager.cpp"><Filter>Source Files</Filter></ClCompile>
  </ItemGroup>
</Project>
