<?xml version="1.0" encoding="utf-8"?>
<Project ToolsVersion="4.0" xmlns="http://schemas.microsoft.com/developer/msbuild/2003">
  <ItemGroup>
    <Filter Include="Source Files">
      <UniqueIdentifier>{4FC737F1-C7A5-4376-A066-2A32D752A2FF}</UniqueIdentifier>
      <Extensions>cpp;c;cc;cxx;def;odl;idl;hpj;bat;asm;asmx</Extensions>
    </Filter>
    <Filter Include="Header Files">
      <UniqueIdentifier>{93995380-89BD-4b04-88EB-625FBE52EBFB}</UniqueIdentifier>
      <Extensions>h;hpp;hxx;hm;inl;inc;xsd</Extensions>
    </Filter>
  </ItemGroup>

  <ItemGroup>
    <ClInclude Include="AdminBackend.h"><Filter>Header Files</Filter></ClInclude>
    <ClInclude Include="pch.h"><Filter>Header Files</Filter></ClInclude>
    <ClInclude Include="App.h"><Filter>Header Files</Filter></ClInclude>
    <ClInclude Include="MainWindow.h"><Filter>Header Files</Filter></ClInclude>
    <ClInclude Include="NativeControlFactory.h"><Filter>Header Files</Filter></ClInclude>
    <ClInclude Include="DesktopHostPageBuilders.h"><Filter>Header Files</Filter></ClInclude>
    <ClInclude Include="ServerController.h"><Filter>Header Files</Filter></ClInclude>
    <ClInclude Include="UrlUtil.h"><Filter>Header Files</Filter></ClInclude>
    <ClInclude Include="HttpClient.h"><Filter>Header Files</Filter></ClInclude>
    <ClInclude Include="WebViewHost.h"><Filter>Header Files</Filter></ClInclude>
    <ClInclude Include="WebViewRuntimeDetector.h"><Filter>Header Files</Filter></ClInclude>
    <ClInclude Include="WebViewShellAdapter.h"><Filter>Header Files</Filter></ClInclude>
    <ClInclude Include="ShellEffectExecutor.h"><Filter>Header Files</Filter></ClInclude>
    <ClInclude Include="..\core\network\network_manager.h"><Filter>Header Files</Filter></ClInclude>
    <ClInclude Include="..\core\runtime\runtime_controller.h"><Filter>Header Files</Filter></ClInclude>
    <ClInclude Include="..\core\runtime\desktop_runtime_snapshot.h"><Filter>Header Files</Filter></ClInclude>
    <ClInclude Include="..\core\runtime\share_artifact_service.h"><Filter>Header Files</Filter></ClInclude>
    <ClInclude Include="..\core\runtime\host_runtime_coordinator.h"><Filter>Header Files</Filter></ClInclude>
    <ClInclude Include="..\core\runtime\host_action_coordinator.h"><Filter>Header Files</Filter></ClInclude>
    <ClInclude Include="..\core\runtime\host_session_coordinator.h"><Filter>Header Files</Filter></ClInclude>
    <ClInclude Include="..\core\runtime\diagnostics_view_model_assembler.h"><Filter>Header Files</Filter></ClInclude>
    <ClInclude Include="..\core\runtime\network_diagnostics_policy.h"><Filter>Header Files</Filter></ClInclude>
    <ClInclude Include="..\core\runtime\desktop_shell_presenter.h"><Filter>Header Files</Filter></ClInclude>
    <ClInclude Include="..\core\runtime\desktop_layout_presenter.h"><Filter>Header Files</Filter></ClInclude>
    <ClInclude Include="..\core\runtime\desktop_edit_session_presenter.h"><Filter>Header Files</Filter></ClInclude>
    <ClInclude Include="..\core\runtime\shell_chrome_presenter.h"><Filter>Header Files</Filter></ClInclude>
    <ClInclude Include="..\core\runtime\shell_bridge_presenter.h"><Filter>Header Files</Filter></ClInclude>
    <ClInclude Include="..\core\runtime\admin_shell_coordinator.h"><Filter>Header Files</Filter></ClInclude>
    <ClInclude Include="..\core\runtime\admin_shell_runtime_publisher.h"><Filter>Header Files</Filter></ClInclude>
    <ClInclude Include="..\core\runtime\host_observability_coordinator.h"><Filter>Header Files</Filter></ClInclude>
    <ClInclude Include="..\core\runtime\host_runtime_scheduler.h"><Filter>Header Files</Filter></ClInclude>
    <ClInclude Include="..\core\runtime\host_shell_lifecycle_coordinator.h"><Filter>Header Files</Filter></ClInclude>
    <ClInclude Include="DesktopCommandIds.h"><Filter>Header Files</Filter></ClInclude>
    <ClInclude Include="..\core\network\network_types.h"><Filter>Header Files</Filter></ClInclude>
    <ClInclude Include="..\core\network\endpoint_selection.h"><Filter>Header Files</Filter></ClInclude>
    <ClInclude Include="..\platform\abstraction\system_actions.h"><Filter>Header Files</Filter></ClInclude>
    <ClInclude Include="..\platform\abstraction\platform_service_facade.h"><Filter>Header Files</Filter></ClInclude>
    <ClInclude Include="..\platform\host_runtime_refresh_pipeline.h"><Filter>Header Files</Filter></ClInclude>
    <ClInclude Include="..\platform\abstraction\factory.h"><Filter>Header Files</Filter></ClInclude>
    <ClInclude Include="..\platform\windows\network_probe_win.h"><Filter>Header Files</Filter></ClInclude>
    <ClInclude Include="..\platform\windows\firewall_diagnostics_win.h"><Filter>Header Files</Filter></ClInclude>
    <ClInclude Include="..\platform\windows\network_actions_win.h"><Filter>Header Files</Filter></ClInclude>
    <ClInclude Include="..\platform\windows\network_service_win.h"><Filter>Header Files</Filter></ClInclude>
    <ClInclude Include="..\platform\windows\system_actions_win.h"><Filter>Header Files</Filter></ClInclude>
  </ItemGroup>

  <ItemGroup>
    <ClCompile Include="AdminBackend.cpp"><Filter>Source Files</Filter></ClCompile>
    <ClCompile Include="pch.cpp"><Filter>Source Files</Filter></ClCompile>
    <ClCompile Include="main.cpp"><Filter>Source Files</Filter></ClCompile>
    <ClCompile Include="App.cpp"><Filter>Source Files</Filter></ClCompile>
    <ClCompile Include="MainWindow.cpp"><Filter>Source Files</Filter></ClCompile>
    <ClCompile Include="NativeControlFactory.cpp"><Filter>Source Files</Filter></ClCompile>
    <ClCompile Include="DesktopHostPageBuilders.cpp"><Filter>Source Files</Filter></ClCompile>
    <ClCompile Include="ServerController.cpp"><Filter>Source Files</Filter></ClCompile>
    <ClCompile Include="UrlUtil.cpp"><Filter>Source Files</Filter></ClCompile>
    <ClCompile Include="HttpClient.cpp"><Filter>Source Files</Filter></ClCompile>
    <ClCompile Include="WebViewHost.cpp"><Filter>Source Files</Filter></ClCompile>
    <ClCompile Include="WebViewRuntimeDetector.cpp"><Filter>Source Files</Filter></ClCompile>
    <ClCompile Include="WebViewShellAdapter.cpp"><Filter>Source Files</Filter></ClCompile>
    <ClCompile Include="ShellEffectExecutor.cpp"><Filter>Source Files</Filter></ClCompile>
    <ClCompile Include="..\core\network\network_manager.cpp"><Filter>Source Files</Filter></ClCompile>
    <ClCompile Include="..\core\runtime\runtime_controller.cpp"><Filter>Source Files</Filter></ClCompile>
    <ClCompile Include="..\core\runtime\desktop_runtime_snapshot.cpp"><Filter>Source Files</Filter></ClCompile>
    <ClCompile Include="..\core\runtime\share_artifact_service.cpp"><Filter>Source Files</Filter></ClCompile>
    <ClCompile Include="..\core\runtime\host_runtime_coordinator.cpp"><Filter>Source Files</Filter></ClCompile>
    <ClCompile Include="..\core\runtime\host_action_coordinator.cpp"><Filter>Source Files</Filter></ClCompile>
    <ClCompile Include="..\core\runtime\host_session_coordinator.cpp"><Filter>Source Files</Filter></ClCompile>
    <ClCompile Include="..\core\runtime\diagnostics_view_model_assembler.cpp"><Filter>Source Files</Filter></ClCompile>
    <ClCompile Include="..\core\runtime\network_diagnostics_policy.cpp"><Filter>Source Files</Filter></ClCompile>
    <ClCompile Include="..\core\runtime\desktop_shell_presenter.cpp"><Filter>Source Files</Filter></ClCompile>
    <ClCompile Include="..\core\runtime\desktop_layout_presenter.cpp"><Filter>Source Files</Filter></ClCompile>
    <ClCompile Include="..\core\runtime\desktop_edit_session_presenter.cpp"><Filter>Source Files</Filter></ClCompile>
    <ClCompile Include="..\core\runtime\shell_chrome_presenter.cpp"><Filter>Source Files</Filter></ClCompile>
    <ClCompile Include="..\core\runtime\shell_bridge_presenter.cpp"><Filter>Source Files</Filter></ClCompile>
    <ClCompile Include="..\core\runtime\admin_shell_coordinator.cpp"><Filter>Source Files</Filter></ClCompile>
    <ClCompile Include="..\core\runtime\admin_shell_runtime_publisher.cpp"><Filter>Source Files</Filter></ClCompile>
    <ClCompile Include="..\core\runtime\host_observability_coordinator.cpp"><Filter>Source Files</Filter></ClCompile>
    <ClCompile Include="..\core\runtime\host_runtime_scheduler.cpp"><Filter>Source Files</Filter></ClCompile>
    <ClCompile Include="..\core\runtime\host_shell_lifecycle_coordinator.cpp"><Filter>Source Files</Filter></ClCompile>
    <ClCompile Include="..\core\network\endpoint_selection.cpp"><Filter>Source Files</Filter></ClCompile>
    <ClCompile Include="..\platform\factory.cpp"><Filter>Source Files</Filter></ClCompile>
    <ClCompile Include="..\platform\platform_service_facade.cpp"><Filter>Source Files</Filter></ClCompile>
    <ClCompile Include="..\platform\host_runtime_refresh_pipeline.cpp"><Filter>Source Files</Filter></ClCompile>
    <ClCompile Include="..\platform\windows\network_probe_win.cpp"><Filter>Source Files</Filter></ClCompile>
    <ClCompile Include="..\platform\windows\firewall_diagnostics_win.cpp"><Filter>Source Files</Filter></ClCompile>
    <ClCompile Include="..\platform\windows\network_actions_win.cpp"><Filter>Source Files</Filter></ClCompile>
    <ClCompile Include="..\platform\windows\network_service_win.cpp"><Filter>Source Files</Filter></ClCompile>
    <ClCompile Include="..\platform\windows\system_actions_win.cpp"><Filter>Source Files</Filter></ClCompile>
  </ItemGroup>
</Project>
